lockfileVersion: '9.0'

settings:
  autoInstallPeers: true
  excludeLinksFromLockfile: false

importers:

  .:
    dependencies:
      '@tt-calendar/contracts':
        specifier: workspace:*
        version: link:../contracts
      '@tt-calendar/domain':
        specifier: workspace:*
        version: link:../domain
      sql.js:
        specifier: ^1.14.2
        version: 1.14.2
    devDependencies:
      '@types/sql.js':
        specifier: ^1.4.11
        version: 1.4.11

packages:

  '@types/emscripten@1.41.6':
    resolution: {integrity: sha512-uN+9i8bFT5CUcZfyIEYDrSueACEyKGbUs5kC/72DGlZZoinh84sJfVV0i8UOJD1asdzkvLPBRrKs41kZ8MdEXg==}

  '@types/node@26.4.1':
    resolution: {integrity: sha512-k97ENvZWtvA6yqz5/FS6a7duDgOPEeOQOc2iKS/nY6mX6qJUKtLnWzQS+Xj6tXweyj6ZcTAK2Qecetnvi9nCLA==}

  '@types/sql.js@1.4.11':
    resolution: {integrity: sha512-QXIx38p2ZThJaK9vP5ZdqdlRe1FG9I8SmCZOS7FHfB/2qPAjZwkL7/vlfPg6N/oWHuuOaGg/P/IRwfP2W0kWVQ==}

  sql.js@1.14.2:
    resolution: {integrity: sha512-3ZGPovObMFrdw79zrUHbfdE/DLIsy8jdNdssmMSQuRAymedU6q84asPt0kgiqrdMYlPegDItiIMfmIXzZnYFcw==}

  undici-types@8.3.0:
    resolution: {integrity: sha512-j375ScV60dom+YkPFIfTLcOiPxkN/buHz5GobjLhixFuANaNs3C9l4GmrWqejgXWJ7BbJcFYpTEUkS1Ge8bpZQ==}

snapshots:

  '@types/emscripten@1.41.6': {}

  '@types/node@26.4.1':
    dependencies:
      undici-types: 8.3.0

  '@types/sql.js@1.4.11':
    dependencies:
      '@types/emscripten': 1.41.6
      '@types/node': 26.4.1

  sql.js@1.14.2: {}

  undici-types@8.3.0: {}
